// !$*UTF8*$!
{
	archiveVersion = 1;
	classes = {
	};
	objectVersion = 46;
	objects = {

/* Begin PBXBuildFile section */
		EF1A1AC91C9EDF140062FC20 /* main.m in Sources */ = {isa = PBXBuildFile; fileRef = EF1A1AC81C9EDF140062FC20 /* main.m */; };
		EF1A1ACC1C9EDF140062FC20 /* AppDelegate.m in Sources */ = {isa = PBXBuildFile; fileRef = EF1A1ACB1C9EDF140062FC20 /* AppDelegate.m */; };
		EF1A1ACF1C9EDF140062FC20 /* ViewController.m in Sources */ = {isa = PBXBuildFile; fileRef = EF1A1ACE1C9EDF140062FC20 /* ViewController.m */; };
		EF1A1AD21C9EDF140062FC20 /* Main.storyboard in Resources */ = {isa = PBXBuildFile; fileRef = EF1A1AD01C9EDF140062FC20 /* Main.storyboard */; };
		EF1A1AD41C9EDF140062FC20 /* Assets.xcassets in Resources */ = {isa = PBXBuildFile; fileRef = EF1A1AD31C9EDF140062FC20 /* Assets.xcassets */; };
		EF1A1AD71C9EDF140062FC20 /* LaunchScreen.storyboard in Resources */ = {isa = PBXBuildFile; fileRef = EF1A1AD51C9EDF140062FC20 /* LaunchScreen.storyboard */; };
		EF1A1AE21C9EDF150062FC20 /* Demo01Tests.m in Sources */ = {isa = PBXBuildFile; fileRef = EF1A1AE11C9EDF150062FC20 /* Demo01Tests.m */; };
		EF1A1AED1C9EDF150062FC20 /* Demo01UITests.m in Sources */ = {isa = PBXBuildFile; fileRef = EF1A1AEC1C9EDF150062FC20 /* Demo01UITests.m */; };
/* End PBXBuildFile section */

/* Begin PBXContainerItemProxy section */
		EF1A1ADE1C9EDF140062FC20 /* PBXContainerItemProxy */ = {
			isa = PBXContainerItemProxy;
			containerPortal = EF1A1ABC1C9EDF130062FC20 /* Project object */;
			proxyType = 1;
			remoteGlobalIDString = EF1A1AC31C9EDF140062FC20;
			remoteInfo = Demo01;
		};
		EF1A1AE91C9EDF150062FC20 /* PBXContainerItemProxy */ = {
			isa = PBXContainerItemProxy;
			containerPortal = EF1A1ABC1C9EDF130062FC20 /* Project object */;
			proxyType = 1;
			remoteGlobalIDString = EF1A1AC31C9EDF140062FC20;
			remoteInfo = Demo01;
		};
/* End PBXContainerItemProxy section */

/* Begin PBXFileReference section */
		EF1A1AC41C9EDF140062FC20 /* Demo01.app */ = {isa = PBXFileReference; explicitFileType = wrapper.application; includeInIndex = 0; path = Demo01.app; sourceTree = BUILT_PRODUCTS_DIR; };
		EF1A1AC81C9EDF140062FC20 /* main.m */ = {isa = PBXFileReference; lastKnownFileType = sourcecode.c.objc; path = main.m; sourceTree = "<group>"; };
		EF1A1ACA1C9EDF140062FC20 /* AppDelegate.h */ = {isa = PBXFileReference; lastKnownFileType = sourcecode.c.h; path = AppDelegate.h; sourceTree = "<group>"; };
		EF1A1ACB1C9EDF140062FC20 /* AppDelegate.m */ = {isa = PBXFileReference; lastKnownFileType = sourcecode.c.objc; path = AppDelegate.m; sourceTree = "<group>"; };
		EF1A1ACD1C9EDF140062FC20 /* ViewController.h */ = {isa = PBXFileReference; lastKnownFileType = sourcecode.c.h; path = ViewController.h; sourceTree = "<group>"; };
		EF1A1ACE1C9EDF140062FC20 /* ViewController.m */ = {isa = PBXFileReference; lastKnownFileType = sourcecode.c.objc; path = ViewController.m; sourceTree = "<group>"; };
		EF1A1AD11C9EDF140062FC20 /* Base */ = {isa = PBXFileReference; lastKnownFileType = file.storyboard; name = Base; path = Base.lproj/Main.storyboard; sourceTree = "<group>"; };
		EF1A1AD31C9EDF140062FC20 /* Assets.xcassets */ = {isa = PBXFileReference; lastKnownFileType = folder.assetcatalog; path = Assets.xcassets; sourceTree = "<group>"; };
		EF1A1AD61C9EDF140062FC20 /* Base */ = {isa = PBXFileReference; lastKnownFileType = file.storyboard; name = Base; path = Base.lproj/LaunchScreen.storyboard; sourceTree = "<group>"; };
		EF1A1AD81C9EDF140062FC20 /* Info.plist */ = {isa = PBXFileReference; lastKnownFileType = text.plist.xml; path = Info.plist; sourceTree = "<group>"; };
		EF1A1ADD1C9EDF140062FC20 /* Demo01Tests.xctest */ = {isa = PBXFileReference; explicitFileType = wrapper.cfbundle; includeInIndex = 0; path = Demo01Tests.xctest; sourceTree = BUILT_PRODUCTS_DIR; };
		EF1A1AE11C9EDF150062FC20 /* Demo01Tests.m */ = {isa = PBXFileReference; lastKnownFileType = sourcecode.c.objc; path = Demo01Tests.m; sourceTree = "<group>"; };
		EF1A1AE31C9EDF150062FC20 /* Info.plist */ = {isa = PBXFileReference; lastKnownFileType = text.plist.xml; path = Info.plist; sourceTree = "<group>"; };
		EF1A1AE81C9EDF150062FC20 /* Demo01UITests.xctest */ = {isa = PBXFileReference; explicitFileType = wrapper.cfbundle; includeInIndex = 0; path = Demo01UITests.xctest; sourceTree = BUILT_PRODUCTS_DIR; };
		EF1A1AEC1C9EDF150062FC20 /* Demo01UITests.m */ = {isa = PBXFileReference; lastKnownFileType = sourcecode.c.objc; path = Demo01UITests.m; sourceTree = "<group>"; };
		EF1A1AEE1C9EDF150062FC20 /* Info.plist */ = {isa = PBXFileReference; lastKnownFileType = text.plist.xml; path = Info.plist; sourceTree = "<group>"; };
/* End PBXFileReference section */

/* Begin PBXFrameworksBuildPhase section */
		EF1A1AC11C9EDF140062FC20 /* Frameworks */ = {
			isa = PBXFrameworksBuildPhase;
			buildActionMask = 2147483647;
			files = (
			);
			runOnlyForDeploymentPostprocessing = 0;
		};
		EF1A1ADA1C9EDF140062FC20 /* Frameworks */ = {
			isa = PBXFrameworksBuildPhase;
			buildActionMask = 2147483647;
			files = (
			);
			runOnlyForDeploymentPostprocessing = 0;
		};
		EF1A1AE51C9EDF150062FC20 /* Frameworks */ = {
			isa = PBXFrameworksBuildPhase;
			buildActionMask = 2147483647;
			files = (
			);
			runOnlyForDeploymentPostprocessing = 0;
		};
/* End PBXFrameworksBuildPhase section */

/* Begin PBXGroup section */
		EF1A1ABB1C9EDF130062FC20 = {
			isa = PBXGroup;
			children = (
				EF1A1AC61C9EDF140062FC20 /* Demo01 */,
				EF1A1AE01C9EDF140062FC20 /* Demo01Tests */,
				EF1A1AEB1C9EDF150062FC20 /* Demo01UITests */,
				EF1A1AC51C9EDF140062FC20 /* Products */,
			);
			sourceTree = "<group>";
		};
		EF1A1AC51C9EDF140062FC20 /* Products */ = {
			isa = PBXGroup;
			children = (
				EF1A1AC41C9EDF140062FC20 /* Demo01.app */,
				EF1A1ADD1C9EDF140062FC20 /* Demo01Tests.xctest */,
				EF1A1AE81C9EDF150062FC20 /* Demo01UITests.xctest */,
			);
			name = Products;
			sourceTree = "<group>";
		};
		EF1A1AC61C9EDF140062FC20 /* Demo01 */ = {
			isa = PBXGroup;
			children = (
				EF1A1ACA1C9EDF140062FC20 /* AppDelegate.h */,
				EF1A1ACB1C9EDF140062FC20 /* AppDelegate.m */,
				EF1A1ACD1C9EDF140062FC20 /* ViewController.h */,
				EF1A1ACE1C9EDF140062FC20 /* ViewController.m */,
				EF1A1AD01C9EDF140062FC20 /* Main.storyboard */,
				EF1A1AD31C9EDF140062FC20 /* Assets.xcassets */,
				EF1A1AD51C9EDF140062FC20 /* LaunchScreen.storyboard */,
				EF1A1AD81C9EDF140062FC20 /* Info.plist */,
				EF1A1AC71C9EDF140062FC20 /* Supporting Files */,
			);
			path = Demo01;
			sourceTree = "<group>";
		};
		EF1A1AC71C9EDF140062FC20 /* Supporting Files */ = {
			isa = PBXGroup;
			children = (
				EF1A1AC81C9EDF140062FC20 /* main.m */,
			);
			name = "Supporting Files";
			sourceTree = "<group>";
		};
		EF1A1AE01C9EDF140062FC20 /* Demo01Tests */ = {
			isa = PBXGroup;
			children = (
				EF1A1AE11C9EDF150062FC20 /* Demo01Tests.m */,
				EF1A1AE31C9EDF150062FC20 /* Info.plist */,
			);
			path = Demo01Tests;
			sourceTree = "<group>";
		};
		EF1A1AEB1C9EDF150062FC20 /* Demo01UITests */ = {
			isa = PBXGroup;
			children = (
				EF1A1AEC1C9EDF150062FC20 /* Demo01UITests.m */,
				EF1A1AEE1C9EDF150062FC20 /* Info.plist */,
			);
			path = Demo01UITests;
			sourceTree = "<group>";
		};
/* End PBXGroup section */

/* Begin PBXNativeTarget section */
		EF1A1AC31C9EDF140062FC20 /* Demo01 */ = {
			isa = PBXNativeTarget;
			buildConfigurationList = EF1A1AF11C9EDF150062FC20 /* Build configuration list for PBXNativeTarget "Demo01" */;
			buildPhases = (
				EF1A1AC01C9EDF140062FC20 /* Sources */,
				EF1A1AC11C9EDF140062FC20 /* Frameworks */,
				EF1A1AC21C9EDF140062FC20 /* Resources */,
			);
			buildRules = (
			);
			dependencies = (
			);
			name = Demo01;
			productName = Demo01;
			productReference = EF1A1AC41C9EDF140062FC20 /* Demo01.app */;
			productType = "com.apple.product-type.application";
		};
		EF1A1ADC1C9EDF140062FC20 /* Demo01Tests */ = {
			isa = PBXNativeTarget;
			buildConfigurationList = EF1A1AF41C9EDF150062FC20 /* Build configuration list for PBXNativeTarget "Demo01Tests" */;
			buildPhases = (
				EF1A1AD91C9EDF140062FC20 /* Sources */,
				EF1A1ADA1C9EDF140062FC20 /* Frameworks */,
				EF1A1ADB1C9EDF140062FC20 /* Resources */,
			);
			buildRules = (
			);
			dependencies = (
				EF1A1ADF1C9EDF140062FC20 /* PBXTargetDependency */,
			);
			name = Demo01Tests;
			productName = Demo01Tests;
			productReference = EF1A1ADD1C9EDF140062FC20 /* Demo01Tests.xctest */;
			productType = "com.apple.product-type.bundle.unit-test";
		};
		EF1A1AE71C9EDF150062FC20 /* Demo01UITests */ = {
			isa = PBXNativeTarget;
			buildConfigurationList = EF1A1AF71C9EDF150062FC20 /* Build configuration list for PBXNativeTarget "Demo01UITests" */;
			buildPhases = (
				EF1A1AE41C9EDF150062FC20 /* Sources */,
				EF1A1AE51C9EDF150062FC20 /* Frameworks */,
				EF1A1AE61C9EDF150062FC20 /* Resources */,
			);
			buildRules = (
			);
			dependencies = (
				EF1A1AEA1C9EDF150062FC20 /* PBXTargetDependency */,
			);
			name = Demo01UITests;
			productName = Demo01UITests;
			productReference = EF1A1AE81C9EDF150062FC20 /* Demo01UITests.xctest */;
			productType = "com.apple.product-type.bundle.ui-testing";
		};
/* End PBXNativeTarget section */

/* Begin PBXProject section */
		EF1A1ABC1C9EDF130062FC20 /* Project object */ = {
			isa = PBXProject;
			attributes = {
				LastUpgradeCheck = 0720;
				ORGANIZATIONNAME = zhuwx;
				TargetAttributes = {
					EF1A1AC31C9EDF140062FC20 = {
						CreatedOnToolsVersion = 7.2.1;
					};
					EF1A1ADC1C9EDF140062FC20 = {
						CreatedOnToolsVersion = 7.2.1;
						TestTargetID = EF1A1AC31C9EDF140062FC20;
					};
					EF1A1AE71C9EDF150062FC20 = {
						CreatedOnToolsVersion = 7.2.1;
						TestTargetID = EF1A1AC31C9EDF140062FC20;
					};
				};
			};
			buildConfigurationList = EF1A1ABF1C9EDF130062FC20 /* Build configuration list for PBXProject "Demo01" */;
			compatibilityVersion = "Xcode 3.2";
			developmentRegion = English;
			hasScannedForEncodings = 0;
			knownRegions = (
				en,
				Base,
			);
			mainGroup = EF1A1ABB1C9EDF130062FC20;
			productRefGroup = EF1A1AC51C9EDF140062FC20 /* Products */;
			projectDirPath = "";
			projectRoot = "";
			targets = (
				EF1A1AC31C9EDF140062FC20 /* Demo01 */,
				EF1A1ADC1C9EDF140062FC20 /* Demo01Tests */,
				EF1A1AE71C9EDF150062FC20 /* Demo01UITests */,
			);
		};
/* End PBXProject section */

/* Begin PBXResourcesBuildPhase section */
		EF1A1AC21C9EDF140062FC20 /* Resources */ = {
			isa = PBXResourcesBuildPhase;
			buildActionMask = 2147483647;
			files = (
				EF1A1AD71C9EDF140062FC20 /* LaunchScreen.storyboard in Resources */,
				EF1A1AD41C9EDF140062FC20 /* Assets.xcassets in Resources */,
				EF1A1AD21C9EDF140062FC20 /* Main.storyboard in Resources */,
			);
			runOnlyForDeploymentPostprocessing = 0;
		};
		EF1A1ADB1C9EDF140062FC20 /* Resources */ = {
			isa = PBXResourcesBuildPhase;
			buildActionMask = 2147483647;
			files = (
			);
			runOnlyForDeploymentPostprocessing = 0;
		};
		EF1A1AE61C9EDF150062FC20 /* Resources */ = {
			isa = PBXResourcesBuildPhase;
			buildActionMask = 2147483647;
			files = (
			);
			runOnlyForDeploymentPostprocessing = 0;
		};
/* End PBXResourcesBuildPhase section */

/* Begin PBXSourcesBuildPhase section */
		EF1A1AC01C9EDF140062FC20 /* Sources */ = {
			isa = PBXSourcesBuildPhase;
			buildActionMask = 2147483647;
			files = (
				EF1A1ACF1C9EDF140062FC20 /* ViewController.m in Sources */,
				EF1A1ACC1C9EDF140062FC20 /* AppDelegate.m in Sources */,
				EF1A1AC91C9EDF140062FC20 /* main.m in Sources */,
			);
			runOnlyForDeploymentPostprocessing = 0;
		};
		EF1A1AD91C9EDF140062FC20 /* Sources */ = {
			isa = PBXSourcesBuildPhase;
			buildActionMask = 2147483647;
			files = (
				EF1A1AE21C9EDF150062FC20 /* Demo01Tests.m in Sources */,
			);
			runOnlyForDeploymentPostprocessing = 0;
		};
		EF1A1AE41C9EDF150062FC20 /* Sources */ = {
			isa = PBXSourcesBuildPhase;
			buildActionMask = 2147483647;
			files = (
				EF1A1AED1C9EDF150062FC20 /* Demo01UITests.m in Sources */,
			);
			runOnlyForDeploymentPostprocessing = 0;
		};
/* End PBXSourcesBuildPhase section */

/* Begin PBXTargetDependency section */
		EF1A1ADF1C9EDF140062FC20 /* PBXTargetDependency */ = {
			isa = PBXTargetDependency;
			target = EF1A1AC31C9EDF140062FC20 /* Demo01 */;
			targetProxy = EF1A1ADE1C9EDF140062FC20 /* PBXContainerItemProxy */;
		};
		EF1A1AEA1C9EDF150062FC20 /* PBXTargetDependency */ = {
			isa = PBXTargetDependency;
			target = EF1A1AC31C9EDF140062FC20 /* Demo01 */;
			targetProxy = EF1A1AE91C9EDF150062FC20 /* PBXContainerItemProxy */;
		};
/* End PBXTargetDependency section */

/* Begin PBXVariantGroup section */
		EF1A1AD01C9EDF140062FC20 /* Main.storyboard */ = {
			isa = PBXVariantGroup;
			children = (
				EF1A1AD11C9EDF140062FC20 /* Base */,
			);
			name = Main.storyboard;
			sourceTree = "<group>";
		};
		EF1A1AD51C9EDF140062FC20 /* LaunchScreen.storyboard */ = {
			isa = PBXVariantGroup;
			children = (
				EF1A1AD61C9EDF140062FC20 /* Base */,
			);
			name = LaunchScreen.storyboard;
			sourceTree = "<group>";
		};
/* End PBXVariantGroup section */

/* Begin XCBuildConfiguration section */
		EF1A1AEF1C9EDF150062FC20 /* Debug */ = {
			isa = XCBuildConfiguration;
			buildSettings = {
				ALWAYS_SEARCH_USER_PATHS = NO;
				CLANG_CXX_LANGUAGE_STANDARD = "gnu++0x";
				CLANG_CXX_LIBRARY = "libc++";
				CLANG_ENABLE_MODULES = YES;
				CLANG_ENABLE_OBJC_ARC = YES;
				CLANG_WARN_BOOL_CONVERSION = YES;
				CLANG_WARN_CONSTANT_CONVERSION = YES;
				CLANG_WARN_DIRECT_OBJC_ISA_USAGE = YES_ERROR;
				CLANG_WARN_EMPTY_BODY = YES;
				CLANG_WARN_ENUM_CONVERSION = YES;
				CLANG_WARN_INT_CONVERSION = YES;
				CLANG_WARN_OBJC_ROOT_CLASS = YES_ERROR;
				CLANG_WARN_UNREACHABLE_CODE = YES;
				CLANG_WARN__DUPLICATE_METHOD_MATCH = YES;
				"CODE_SIGN_IDENTITY[sdk=iphoneos*]" = "iPhone Developer";
				COPY_PHASE_STRIP = NO;
				DEBUG_INFORMATION_FORMAT = dwarf;
				ENABLE_STRICT_OBJC_MSGSEND = YES;
				ENABLE_TESTABILITY = YES;
				GCC_C_LANGUAGE_STANDARD = gnu99;
				GCC_DYNAMIC_NO_PIC = NO;
				GCC_NO_COMMON_BLOCKS = YES;
				GCC_OPTIMIZATION_LEVEL = 0;
				GCC_PREPROCESSOR_DEFINITIONS = (
					"DEBUG=1",
					"$(inherited)",
				);
				GCC_WARN_64_TO_32_BIT_CONVERSION = YES;
				GCC_WARN_ABOUT_RETURN_TYPE = YES_ERROR;
				GCC_WARN_UNDECLARED_SELECTOR = YES;
				GCC_WARN_UNINITIALIZED_AUTOS = YES_AGGRESSIVE;
				GCC_WARN_UNUSED_FUNCTION = YES;
				GCC_WARN_UNUSED_VARIABLE = YES;
				IPHONEOS_DEPLOYMENT_TARGET = 9.2;
				MTL_ENABLE_DEBUG_INFO = YES;
				ONLY_ACTIVE_ARCH = YES;
				SDKROOT = iphoneos;
				TARGETED_DEVICE_FAMILY = "1,2";
			};
			name = Debug;
		};
		EF1A1AF01C9EDF150062FC20 /* Release */ = {
			isa = XCBuildConfiguration;
			buildSettings = {
				ALWAYS_SEARCH_USER_PATHS = NO;
				CLANG_CXX_LANGUAGE_STANDARD = "gnu++0x";
				CLANG_CXX_LIBRARY = "libc++";
				CLANG_ENABLE_MODULES = YES;
				CLANG_ENABLE_OBJC_ARC = YES;
				CLANG_WARN_BOOL_CONVERSION = YES;
				CLANG_WARN_CONSTANT_CONVERSION = YES;
				CLANG_WARN_DIRECT_OBJC_ISA_USAGE = YES_ERROR;
				CLANG_WARN_EMPTY_BODY = YES;
				CLANG_WARN_ENUM_CONVERSION = YES;
				CLANG_WARN_INT_CONVERSION = YES;
				CLANG_WARN_OBJC_ROOT_CLASS = YES_ERROR;
				CLANG_WARN_UNREACHABLE_CODE = YES;
				CLANG_WARN__DUPLICATE_METHOD_MATCH = YES;
				"CODE_SIGN_IDENTITY[sdk=iphoneos*]" = "iPhone Developer";
				COPY_PHASE_STRIP = NO;
				DEBUG_INFORMATION_FORMAT = "dwarf-with-dsym";
				ENABLE_NS_ASSERTIONS = NO;
				ENABLE_STRICT_OBJC_MSGSEND = YES;
				GCC_C_LANGUAGE_STANDARD = gnu99;
				GCC_NO_COMMON_BLOCKS = YES;
				GCC_WARN_64_TO_32_BIT_CONVERSION = YES;
				GCC_WARN_ABOUT_RETURN_TYPE = YES_ERROR;
				GCC_WARN_UNDECLARED_SELECTOR = YES;
				GCC_WARN_UNINITIALIZED_AUTOS = YES_AGGRESSIVE;
				GCC_WARN_UNUSED_FUNCTION = YES;
				GCC_WARN_UNUSED_VARIABLE = YES;
				IPHONEOS_DEPLOYMENT_TARGET = 9.2;
				MTL_ENABLE_DEBUG_INFO = NO;
				SDKROOT = iphoneos;
				TARGETED_DEVICE_FAMILY = "1,2";
				VALIDATE_PRODUCT = YES;
			};
			name = Release;
		};
		EF1A1AF21C9EDF150062FC20 /* Debug */ = {
			isa = XCBuildConfiguration;
			buildSettings = {
				ASSETCATALOG_COMPILER_APPICON_NAME = AppIcon;
				INFOPLIST_FILE = Demo01/Info.plist;
				LD_RUNPATH_SEARCH_PATHS = "$(inherited) @executable_path/Frameworks";
				PRODUCT_BUNDLE_IDENTIFIER = com.jinyouapp.Demo01;
				PRODUCT_NAME = "$(TARGET_NAME)";
			};
			name = Debug;
		};
		EF1A1AF31C9EDF150062FC20 /* Release */ = {
			isa = XCBuildConfiguration;
			buildSettings = {
				ASSETCATALOG_COMPILER_APPICON_NAME = AppIcon;
				INFOPLIST_FILE = Demo01/Info.plist;
				LD_RUNPATH_SEARCH_PATHS = "$(inherited) @executable_path/Frameworks";
				PRODUCT_BUNDLE_IDENTIFIER = com.jinyouapp.Demo01;
				PRODUCT_NAME = "$(TARGET_NAME)";
			};
			name = Release;
		};
		EF1A1AF51C9EDF150062FC20 /* Debug */ = {
			isa = XCBuildConfiguration;
			buildSettings = {
				BUNDLE_LOADER = "$(TEST_HOST)";
				INFOPLIST_FILE = Demo01Tests/Info.plist;
				LD_RUNPATH_SEARCH_PATHS = "$(inherited) @executable_path/Frameworks @loader_path/Frameworks";
				PRODUCT_BUNDLE_IDENTIFIER = com.jinyouapp.Demo01Tests;
				PRODUCT_NAME = "$(TARGET_NAME)";
				TEST_HOST = "$(BUILT_PRODUCTS_DIR)/Demo01.app/Demo01";
			};
			name = Debug;
		};
		EF1A1AF61C9EDF150062FC20 /* Release */ = {
			isa = XCBuildConfiguration;
			buildSettings = {
				BUNDLE_LOADER = "$(TEST_HOST)";
				INFOPLIST_FILE = Demo01Tests/Info.plist;
				LD_RUNPATH_SEARCH_PATHS = "$(inherited) @executable_path/Frameworks @loader_path/Frameworks";
				PRODUCT_BUNDLE_IDENTIFIER = com.jinyouapp.Demo01Tests;
				PRODUCT_NAME = "$(TARGET_NAME)";
				TEST_HOST = "$(BUILT_PRODUCTS_DIR)/Demo01.app/Demo01";
			};
			name = Release;
		};
		EF1A1AF81C9EDF150062FC20 /* Debug */ = {
			isa = XCBuildConfiguration;
			buildSettings = {
				INFOPLIST_FILE = Demo01UITests/Info.plist;
				LD_RUNPATH_SEARCH_PATHS = "$(inherited) @executable_path/Frameworks @loader_path/Frameworks";
				PRODUCT_BUNDLE_IDENTIFIER = com.jinyouapp.Demo01UITests;
				PRODUCT_NAME = "$(TARGET_NAME)";
				TEST_TARGET_NAME = Demo01;
				USES_XCTRUNNER = YES;
			};
			name = Debug;
		};
		EF1A1AF91C9EDF150062FC20 /* Release */ = {
			isa = XCBuildConfiguration;
			buildSettings = {
				INFOPLIST_FILE = Demo01UITests/Info.plist;
				LD_RUNPATH_SEARCH_PATHS = "$(inherited) @executable_path/Frameworks @loader_path/Frameworks";
				PRODUCT_BUNDLE_IDENTIFIER = com.jinyouapp.Demo01UITests;
				PRODUCT_NAME = "$(TARGET_NAME)";
				TEST_TARGET_NAME = Demo01;
				USES_XCTRUNNER = YES;
			};
			name = Release;
		};
/* End XCBuildConfiguration section */

/* Begin XCConfigurationList section */
		EF1A1ABF1C9EDF130062FC20 /* Build configuration list for PBXProject "Demo01" */ = {
			isa = XCConfigurationList;
			buildConfigurations = (
				EF1A1AEF1C9EDF150062FC20 /* Debug */,
				EF1A1AF01C9EDF150062FC20 /* Release */,
			);
			defaultConfigurationIsVisible = 0;
			defaultConfigurationName = Release;
		};
		EF1A1AF11C9EDF150062FC20 /* Build configuration list for PBXNativeTarget "Demo01" */ = {
			isa = XCConfigurationList;
			buildConfigurations = (
				EF1A1AF21C9EDF150062FC20 /* Debug */,
				EF1A1AF31C9EDF150062FC20 /* Release */,
			);
			defaultConfigurationIsVisible = 0;
		};
		EF1A1AF41C9EDF150062FC20 /* Build configuration list for PBXNativeTarget "Demo01Tests" */ = {
			isa = XCConfigurationList;
			buildConfigurations = (
				EF1A1AF51C9EDF150062FC20 /* Debug */,
				EF1A1AF61C9EDF150062FC20 /* Release */,
			);
			defaultConfigurationIsVisible = 0;
		};
		EF1A1AF71C9EDF150062FC20 /* Build configuration list for PBXNativeTarget "Demo01UITests" */ = {
			isa = XCConfigurationList;
			buildConfigurations = (
				EF1A1AF81C9EDF150062FC20 /* Debug */,
				EF1A1AF91C9EDF150062FC20 /* Release */,
			);
			defaultConfigurationIsVisible = 0;
		};
/* End XCConfigurationList section */
	};
	rootObject = EF1A1ABC1C9EDF130062FC20 /* Project object */;
}
